// !$*UTF8*$!
{
	archiveVersion = 1;
	classes = {
	};
	objectVersion = 46;
	objects = {

/* Begin PBXBuildFile section */
		913838E61AB71C100052B0BD /* AppDelegate.swift in Sources */ = {isa = PBXBuildFile; fileRef = 913838E51AB71C100052B0BD /* AppDelegate.swift */; };
		913838E81AB71C100052B0BD /* ChecklistViewController.swift in Sources */ = {isa = PBXBuildFile; fileRef = 913838E71AB71C100052B0BD /* ChecklistViewController.swift */; };
		913838EB1AB71C100052B0BD /* Main.storyboard in Resources */ = {isa = PBXBuildFile; fileRef = 913838E91AB71C100052B0BD /* Main.storyboard */; };
		913838ED1AB71C100052B0BD /* Images.xcassets in Resources */ = {isa = PBXBuildFile; fileRef = 913838EC1AB71C100052B0BD /* Images.xcassets */; };
		913838F01AB71C100052B0BD /* LaunchScreen.xib in Resources */ = {isa = PBXBuildFile; fileRef = 913838EE1AB71C100052B0BD /* LaunchScreen.xib */; };
		913838FC1AB71C100052B0BD /* ab_ChecklistsTests.swift in Sources */ = {isa = PBXBuildFile; fileRef = 913838FB1AB71C100052B0BD /* ab_ChecklistsTests.swift */; };
		913839061AB755B60052B0BD /* ChecklistItem.swift in Sources */ = {isa = PBXBuildFile; fileRef = 913839051AB755B60052B0BD /* ChecklistItem.swift */; };
		913839081AB78CD00052B0BD /* ItemDetailViewController.swift in Sources */ = {isa = PBXBuildFile; fileRef = 913839071AB78CD00052B0BD /* ItemDetailViewController.swift */; };
		9138390C1AB7E4440052B0BD /* Crashlytics.framework in Frameworks */ = {isa = PBXBuildFile; fileRef = 9138390A1AB7E4440052B0BD /* Crashlytics.framework */; };
		9138390D1AB7E4440052B0BD /* Fabric.framework in Frameworks */ = {isa = PBXBuildFile; fileRef = 9138390B1AB7E4440052B0BD /* Fabric.framework */; };
		91410FED1ABF9BDE00723F27 /* IconPickerViewController.swift in Sources */ = {isa = PBXBuildFile; fileRef = 91410FEC1ABF9BDE00723F27 /* IconPickerViewController.swift */; };
		9192BD161ABC7F120070179D /* AllListsViewController.swift in Sources */ = {isa = PBXBuildFile; fileRef = 9192BD151ABC7F120070179D /* AllListsViewController.swift */; };
		9192BD181ABC818F0070179D /* Checklist.swift in Sources */ = {isa = PBXBuildFile; fileRef = 9192BD171ABC818F0070179D /* Checklist.swift */; };
		91ADEF3D1ABE5E5C009D048E /* DataModel.swift in Sources */ = {isa = PBXBuildFile; fileRef = 91ADEF3C1ABE5E5C009D048E /* DataModel.swift */; };
		91B0A58C1ABDBBC50010F6C6 /* ListDetailViewController.swift in Sources */ = {isa = PBXBuildFile; fileRef = 91B0A58B1ABDBBC50010F6C6 /* ListDetailViewController.swift */; };
/* End PBXBuildFile section */

/* Begin PBXContainerItemProxy section */
		913838F61AB71C100052B0BD /* PBXContainerItemProxy */ = {
			isa = PBXContainerItemProxy;
			containerPortal = 913838D81AB71C100052B0BD /* Project object */;
			proxyType = 1;
			remoteGlobalIDString = 913838DF1AB71C100052B0BD;
			remoteInfo = "ab-Checklists";
		};
/* End PBXContainerItemProxy section */

/* Begin PBXFileReference section */
		913838E01AB71C100052B0BD /* ab-Checklists.app */ = {isa = PBXFileReference; explicitFileType = wrapper.application; includeInIndex = 0; path = "ab-Checklists.app"; sourceTree = BUILT_PRODUCTS_DIR; };
		913838E41AB71C100052B0BD /* Info.plist */ = {isa = PBXFileReference; lastKnownFileType = text.plist.xml; path = Info.plist; sourceTree = "<group>"; };
		913838E51AB71C100052B0BD /* AppDelegate.swift */ = {isa = PBXFileReference; lastKnownFileType = sourcecode.swift; path = AppDelegate.swift; sourceTree = "<group>"; };
		913838E71AB71C100052B0BD /* ChecklistViewController.swift */ = {isa = PBXFileReference; lastKnownFileType = sourcecode.swift; lineEnding = 0; path = ChecklistViewController.swift; sourceTree = "<group>"; xcLanguageSpecificationIdentifier = xcode.lang.swift; };
		913838EA1AB71C100052B0BD /* Base */ = {isa = PBXFileReference; lastKnownFileType = file.storyboard; name = Base; path = Base.lproj/Main.storyboard; sourceTree = "<group>"; };
		913838EC1AB71C100052B0BD /* Images.xcassets */ = {isa = PBXFileReference; lastKnownFileType = folder.assetcatalog; path = Images.xcassets; sourceTree = "<group>"; };
		913838EF1AB71C100052B0BD /* Base */ = {isa = PBXFileReference; lastKnownFileType = file.xib; name = Base; path = Base.lproj/LaunchScreen.xib; sourceTree = "<group>"; };
		913838F51AB71C100052B0BD /* ab-ChecklistsTests.xctest */ = {isa = PBXFileReference; explicitFileType = wrapper.cfbundle; includeInIndex = 0; path = "ab-ChecklistsTests.xctest"; sourceTree = BUILT_PRODUCTS_DIR; };
		913838FA1AB71C100052B0BD /* Info.plist */ = {isa = PBXFileReference; lastKnownFileType = text.plist.xml; path = Info.plist; sourceTree = "<group>"; };
		913838FB1AB71C100052B0BD /* ab_ChecklistsTests.swift */ = {isa = PBXFileReference; lastKnownFileType = sourcecode.swift; path = ab_ChecklistsTests.swift; sourceTree = "<group>"; };
		913839051AB755B60052B0BD /* ChecklistItem.swift */ = {isa = PBXFileReference; fileEncoding = 4; lastKnownFileType = sourcecode.swift; path = ChecklistItem.swift; sourceTree = "<group>"; };
		913839071AB78CD00052B0BD /* ItemDetailViewController.swift */ = {isa = PBXFileReference; fileEncoding = 4; lastKnownFileType = sourcecode.swift; lineEnding = 0; path = ItemDetailViewController.swift; sourceTree = "<group>"; xcLanguageSpecificationIdentifier = xcode.lang.swift; };
		9138390A1AB7E4440052B0BD /* Crashlytics.framework */ = {isa = PBXFileReference; lastKnownFileType = wrapper.framework; path = Crashlytics.framework; sourceTree = "<group>"; };
		9138390B1AB7E4440052B0BD /* Fabric.framework */ = {isa = PBXFileReference; lastKnownFileType = wrapper.framework; path = Fabric.framework; sourceTree = "<group>"; };
		91410FEC1ABF9BDE00723F27 /* IconPickerViewController.swift */ = {isa = PBXFileReference; fileEncoding = 4; lastKnownFileType = sourcecode.swift; path = IconPickerViewController.swift; sourceTree = "<group>"; };
		9192BD151ABC7F120070179D /* AllListsViewController.swift */ = {isa = PBXFileReference; fileEncoding = 4; lastKnownFileType = sourcecode.swift; path = AllListsViewController.swift; sourceTree = "<group>"; };
		9192BD171ABC818F0070179D /* Checklist.swift */ = {isa = PBXFileReference; fileEncoding = 4; lastKnownFileType = sourcecode.swift; path = Checklist.swift; sourceTree = "<group>"; };
		91ADEF3C1ABE5E5C009D048E /* DataModel.swift */ = {isa = PBXFileReference; fileEncoding = 4; lastKnownFileType = sourcecode.swift; path = DataModel.swift; sourceTree = "<group>"; };
		91B0A58B1ABDBBC50010F6C6 /* ListDetailViewController.swift */ = {isa = PBXFileReference; fileEncoding = 4; lastKnownFileType = sourcecode.swift; path = ListDetailViewController.swift; sourceTree = "<group>"; };
/* End PBXFileReference section */

/* Begin PBXFrameworksBuildPhase section */
		913838DD1AB71C100052B0BD /* Frameworks */ = {
			isa = PBXFrameworksBuildPhase;
			buildActionMask = 2147483647;
			files = (
				9138390C1AB7E4440052B0BD /* Crashlytics.framework in Frameworks */,
				9138390D1AB7E4440052B0BD /* Fabric.framework in Frameworks */,
			);
			runOnlyForDeploymentPostprocessing = 0;
		};
		913838F21AB71C100052B0BD /* Frameworks */ = {
			isa = PBXFrameworksBuildPhase;
			buildActionMask = 2147483647;
			files = (
			);
			runOnlyForDeploymentPostprocessing = 0;
		};
/* End PBXFrameworksBuildPhase section */

/* Begin PBXGroup section */
		913838D71AB71C100052B0BD = {
			isa = PBXGroup;
			children = (
				913838E21AB71C100052B0BD /* ab-Checklists */,
				913838F81AB71C100052B0BD /* ab-ChecklistsTests */,
				913838E11AB71C100052B0BD /* Products */,
				9138390A1AB7E4440052B0BD /* Crashlytics.framework */,
				9138390B1AB7E4440052B0BD /* Fabric.framework */,
			);
			sourceTree = "<group>";
		};
		913838E11AB71C100052B0BD /* Products */ = {
			isa = PBXGroup;
			children = (
				913838E01AB71C100052B0BD /* ab-Checklists.app */,
				913838F51AB71C100052B0BD /* ab-ChecklistsTests.xctest */,
			);
			name = Products;
			sourceTree = "<group>";
		};
		913838E21AB71C100052B0BD /* ab-Checklists */ = {
			isa = PBXGroup;
			children = (
				91B0A5881ABDBB6C0010F6C6 /* Default */,
				91B0A5891ABDBB880010F6C6 /* Model */,
				91B0A58A1ABDBB920010F6C6 /* View */,
				913838E31AB71C100052B0BD /* Supporting Files */,
			);
			path = "ab-Checklists";
			sourceTree = "<group>";
		};
		913838E31AB71C100052B0BD /* Supporting Files */ = {
			isa = PBXGroup;
			children = (
				913838E41AB71C100052B0BD /* Info.plist */,
			);
			name = "Supporting Files";
			sourceTree = "<group>";
		};
		913838F81AB71C100052B0BD /* ab-ChecklistsTests */ = {
			isa = PBXGroup;
			children = (
				913838FB1AB71C100052B0BD /* ab_ChecklistsTests.swift */,
				913838F91AB71C100052B0BD /* Supporting Files */,
			);
			path = "ab-ChecklistsTests";
			sourceTree = "<group>";
		};
		913838F91AB71C100052B0BD /* Supporting Files */ = {
			isa = PBXGroup;
			children = (
				913838FA1AB71C100052B0BD /* Info.plist */,
			);
			name = "Supporting Files";
			sourceTree = "<group>";
		};
		91B0A5881ABDBB6C0010F6C6 /* Default */ = {
			isa = PBXGroup;
			children = (
				913838E91AB71C100052B0BD /* Main.storyboard */,
				913838E51AB71C100052B0BD /* AppDelegate.swift */,
				913838EC1AB71C100052B0BD /* Images.xcassets */,
				913838EE1AB71C100052B0BD /* LaunchScreen.xib */,
			);
			name = Default;
			sourceTree = "<group>";
		};
		91B0A5891ABDBB880010F6C6 /* Model */ = {
			isa = PBXGroup;
			children = (
				91ADEF3C1ABE5E5C009D048E /* DataModel.swift */,
				913839051AB755B60052B0BD /* ChecklistItem.swift */,
				9192BD171ABC818F0070179D /* Checklist.swift */,
			);
			name = Model;
			sourceTree = "<group>";
		};
		91B0A58A1ABDBB920010F6C6 /* View */ = {
			isa = PBXGroup;
			children = (
				9192BD151ABC7F120070179D /* AllListsViewController.swift */,
				913838E71AB71C100052B0BD /* ChecklistViewController.swift */,
				91410FEC1ABF9BDE00723F27 /* IconPickerViewController.swift */,
				91B0A58B1ABDBBC50010F6C6 /* ListDetailViewController.swift */,
				913839071AB78CD00052B0BD /* ItemDetailViewController.swift */,
			);
			name = View;
			sourceTree = "<group>";
		};
/* End PBXGroup section */

/* Begin PBXNativeTarget section */
		913838DF1AB71C100052B0BD /* ab-Checklists */ = {
			isa = PBXNativeTarget;
			buildConfigurationList = 913838FF1AB71C100052B0BD /* Build configuration list for PBXNativeTarget "ab-Checklists" */;
			buildPhases = (
				913838DC1AB71C100052B0BD /* Sources */,
				913838DD1AB71C100052B0BD /* Frameworks */,
				913838DE1AB71C100052B0BD /* Resources */,
				913839091AB7E4170052B0BD /* ShellScript */,
			);
			buildRules = (
			);
			dependencies = (
			);
			name = "ab-Checklists";
			productName = "ab-Checklists";
			productReference = 913838E01AB71C100052B0BD /* ab-Checklists.app */;
			productType = "com.apple.product-type.application";
		};
		913838F41AB71C100052B0BD /* ab-ChecklistsTests */ = {
			isa = PBXNativeTarget;
			buildConfigurationList = 913839021AB71C100052B0BD /* Build configuration list for PBXNativeTarget "ab-ChecklistsTests" */;
			buildPhases = (
				913838F11AB71C100052B0BD /* Sources */,
				913838F21AB71C100052B0BD /* Frameworks */,
				913838F31AB71C100052B0BD /* Resources */,
			);
			buildRules = (
			);
			dependencies = (
				913838F71AB71C100052B0BD /* PBXTargetDependency */,
			);
			name = "ab-ChecklistsTests";
			productName = "ab-ChecklistsTests";
			productReference = 913838F51AB71C100052B0BD /* ab-ChecklistsTests.xctest */;
			productType = "com.apple.product-type.bundle.unit-test";
		};
/* End PBXNativeTarget section */

/* Begin PBXProject section */
		913838D81AB71C100052B0BD /* Project object */ = {
			isa = PBXProject;
			attributes = {
				LastUpgradeCheck = 0620;
				ORGANIZATIONNAME = "Aaron Bradley";
				TargetAttributes = {
					913838DF1AB71C100052B0BD = {
						CreatedOnToolsVersion = 6.2;
					};
					913838F41AB71C100052B0BD = {
						CreatedOnToolsVersion = 6.2;
						TestTargetID = 913838DF1AB71C100052B0BD;
					};
				};
			};
			buildConfigurationList = 913838DB1AB71C100052B0BD /* Build configuration list for PBXProject "ab-Checklists" */;
			compatibilityVersion = "Xcode 3.2";
			developmentRegion = English;
			hasScannedForEncodings = 0;
			knownRegions = (
				en,
				Base,
			);
			mainGroup = 913838D71AB71C100052B0BD;
			productRefGroup = 913838E11AB71C100052B0BD /* Products */;
			projectDirPath = "";
			projectRoot = "";
			targets = (
				913838DF1AB71C100052B0BD /* ab-Checklists */,
				913838F41AB71C100052B0BD /* ab-ChecklistsTests */,
			);
		};
/* End PBXProject section */

/* Begin PBXResourcesBuildPhase section */
		913838DE1AB71C100052B0BD /* Resources */ = {
			isa = PBXResourcesBuildPhase;
			buildActionMask = 2147483647;
			files = (
				913838EB1AB71C100052B0BD /* Main.storyboard in Resources */,
				913838F01AB71C100052B0BD /* LaunchScreen.xib in Resources */,
				913838ED1AB71C100052B0BD /* Images.xcassets in Resources */,
			);
			runOnlyForDeploymentPostprocessing = 0;
		};
		913838F31AB71C100052B0BD /* Resources */ = {
			isa = PBXResourcesBuildPhase;
			buildActionMask = 2147483647;
			files = (
			);
			runOnlyForDeploymentPostprocessing = 0;
		};
/* End PBXResourcesBuildPhase section */

/* Begin PBXShellScriptBuildPhase section */
		913839091AB7E4170052B0BD /* ShellScript */ = {
			isa = PBXShellScriptBuildPhase;
			buildActionMask = 2147483647;
			files = (
			);
			inputPaths = (
			);
			outputPaths = (
			);
			runOnlyForDeploymentPostprocessing = 0;
			shellPath = /bin/sh;
			shellScript = "./Fabric.framework/run fc5263bab0b9c44c95d4cdb74e7042f10dca9c81 fb8086e5d17a78aae5dc9a06cc4a872fe0ae17eae147e337d835c59404e9f648";
		};
/* End PBXShellScriptBuildPhase section */

/* Begin PBXSourcesBuildPhase section */
		913838DC1AB71C100052B0BD /* Sources */ = {
			isa = PBXSourcesBuildPhase;
			buildActionMask = 2147483647;
			files = (
				913838E81AB71C100052B0BD /* ChecklistViewController.swift in Sources */,
				91B0A58C1ABDBBC50010F6C6 /* ListDetailViewController.swift in Sources */,
				913839081AB78CD00052B0BD /* ItemDetailViewController.swift in Sources */,
				91410FED1ABF9BDE00723F27 /* IconPickerViewController.swift in Sources */,
				913839061AB755B60052B0BD /* ChecklistItem.swift in Sources */,
				913838E61AB71C100052B0BD /* AppDelegate.swift in Sources */,
				91ADEF3D1ABE5E5C009D048E /* DataModel.swift in Sources */,
				9192BD181ABC818F0070179D /* Checklist.swift in Sources */,
				9192BD161ABC7F120070179D /* AllListsViewController.swift in Sources */,
			);
			runOnlyForDeploymentPostprocessing = 0;
		};
		913838F11AB71C100052B0BD /* Sources */ = {
			isa = PBXSourcesBuildPhase;
			buildActionMask = 2147483647;
			files = (
				913838FC1AB71C100052B0BD /* ab_ChecklistsTests.swift in Sources */,
			);
			runOnlyForDeploymentPostprocessing = 0;
		};
/* End PBXSourcesBuildPhase section */

/* Begin PBXTargetDependency section */
		913838F71AB71C100052B0BD /* PBXTargetDependency */ = {
			isa = PBXTargetDependency;
			target = 913838DF1AB71C100052B0BD /* ab-Checklists */;
			targetProxy = 913838F61AB71C100052B0BD /* PBXContainerItemProxy */;
		};
/* End PBXTargetDependency section */

/* Begin PBXVariantGroup section */
		913838E91AB71C100052B0BD /* Main.storyboard */ = {
			isa = PBXVariantGroup;
			children = (
				913838EA1AB71C100052B0BD /* Base */,
			);
			name = Main.storyboard;
			sourceTree = "<group>";
		};
		913838EE1AB71C100052B0BD /* LaunchScreen.xib */ = {
			isa = PBXVariantGroup;
			children = (
				913838EF1AB71C100052B0BD /* Base */,
			);
			name = LaunchScreen.xib;
			sourceTree = "<group>";
		};
/* End PBXVariantGroup section */

/* Begin XCBuildConfiguration section */
		913838FD1AB71C100052B0BD /* Debug */ = {
			isa = XCBuildConfiguration;
			buildSettings = {
				ALWAYS_SEARCH_USER_PATHS = NO;
				CLANG_CXX_LANGUAGE_STANDARD = "gnu++0x";
				CLANG_CXX_LIBRARY = "libc++";
				CLANG_ENABLE_MODULES = YES;
				CLANG_ENABLE_OBJC_ARC = YES;
				CLANG_WARN_BOOL_CONVERSION = YES;
				CLANG_WARN_CONSTANT_CONVERSION = YES;
				CLANG_WARN_DIRECT_OBJC_ISA_USAGE = YES_ERROR;
				CLANG_WARN_EMPTY_BODY = YES;
				CLANG_WARN_ENUM_CONVERSION = YES;
				CLANG_WARN_INT_CONVERSION = YES;
				CLANG_WARN_OBJC_ROOT_CLASS = YES_ERROR;
				CLANG_WARN_UNREACHABLE_CODE = YES;
				CLANG_WARN__DUPLICATE_METHOD_MATCH = YES;
				"CODE_SIGN_IDENTITY[sdk=iphoneos*]" = "iPhone Developer";
				COPY_PHASE_STRIP = NO;
				ENABLE_STRICT_OBJC_MSGSEND = YES;
				GCC_C_LANGUAGE_STANDARD = gnu99;
				GCC_DYNAMIC_NO_PIC = NO;
				GCC_OPTIMIZATION_LEVEL = 0;
				GCC_PREPROCESSOR_DEFINITIONS = (
					"DEBUG=1",
					"$(inherited)",
				);
				GCC_SYMBOLS_PRIVATE_EXTERN = NO;
				GCC_WARN_64_TO_32_BIT_CONVERSION = YES;
				GCC_WARN_ABOUT_RETURN_TYPE = YES_ERROR;
				GCC_WARN_UNDECLARED_SELECTOR = YES;
				GCC_WARN_UNINITIALIZED_AUTOS = YES_AGGRESSIVE;
				GCC_WARN_UNUSED_FUNCTION = YES;
				GCC_WARN_UNUSED_VARIABLE = YES;
				IPHONEOS_DEPLOYMENT_TARGET = 8.2;
				MTL_ENABLE_DEBUG_INFO = YES;
				ONLY_ACTIVE_ARCH = YES;
				SDKROOT = iphoneos;
				SWIFT_OPTIMIZATION_LEVEL = "-Onone";
			};
			name = Debug;
		};
		913838FE1AB71C100052B0BD /* Release */ = {
			isa = XCBuildConfiguration;
			buildSettings = {
				ALWAYS_SEARCH_USER_PATHS = NO;
				CLANG_CXX_LANGUAGE_STANDARD = "gnu++0x";
				CLANG_CXX_LIBRARY = "libc++";
				CLANG_ENABLE_MODULES = YES;
				CLANG_ENABLE_OBJC_ARC = YES;
				CLANG_WARN_BOOL_CONVERSION = YES;
				CLANG_WARN_CONSTANT_CONVERSION = YES;
				CLANG_WARN_DIRECT_OBJC_ISA_USAGE = YES_ERROR;
				CLANG_WARN_EMPTY_BODY = YES;
				CLANG_WARN_ENUM_CONVERSION = YES;
				CLANG_WARN_INT_CONVERSION = YES;
				CLANG_WARN_OBJC_ROOT_CLASS = YES_ERROR;
				CLANG_WARN_UNREACHABLE_CODE = YES;
				CLANG_WARN__DUPLICATE_METHOD_MATCH = YES;
				"CODE_SIGN_IDENTITY[sdk=iphoneos*]" = "iPhone Developer";
				COPY_PHASE_STRIP = NO;
				ENABLE_NS_ASSERTIONS = NO;
				ENABLE_STRICT_OBJC_MSGSEND = YES;
				GCC_C_LANGUAGE_STANDARD = gnu99;
				GCC_WARN_64_TO_32_BIT_CONVERSION = YES;
				GCC_WARN_ABOUT_RETURN_TYPE = YES_ERROR;
				GCC_WARN_UNDECLARED_SELECTOR = YES;
				GCC_WARN_UNINITIALIZED_AUTOS = YES_AGGRESSIVE;
				GCC_WARN_UNUSED_FUNCTION = YES;
				GCC_WARN_UNUSED_VARIABLE = YES;
				IPHONEOS_DEPLOYMENT_TARGET = 8.2;
				MTL_ENABLE_DEBUG_INFO = NO;
				SDKROOT = iphoneos;
				VALIDATE_PRODUCT = YES;
			};
			name = Release;
		};
		913839001AB71C100052B0BD /* Debug */ = {
			isa = XCBuildConfiguration;
			buildSettings = {
				ASSETCATALOG_COMPILER_APPICON_NAME = AppIcon;
				FRAMEWORK_SEARCH_PATHS = (
					"$(inherited)",
					"$(PROJECT_DIR)",
				);
				INFOPLIST_FILE = "ab-Checklists/Info.plist";
				LD_RUNPATH_SEARCH_PATHS = "$(inherited) @executable_path/Frameworks";
				PRODUCT_NAME = "$(TARGET_NAME)";
			};
			name = Debug;
		};
		913839011AB71C100052B0BD /* Release */ = {
			isa = XCBuildConfiguration;
			buildSettings = {
				ASSETCATALOG_COMPILER_APPICON_NAME = AppIcon;
				FRAMEWORK_SEARCH_PATHS = (
					"$(inherited)",
					"$(PROJECT_DIR)",
				);
				INFOPLIST_FILE = "ab-Checklists/Info.plist";
				LD_RUNPATH_SEARCH_PATHS = "$(inherited) @executable_path/Frameworks";
				PRODUCT_NAME = "$(TARGET_NAME)";
			};
			name = Release;
		};
		913839031AB71C100052B0BD /* Debug */ = {
			isa = XCBuildConfiguration;
			buildSettings = {
				BUNDLE_LOADER = "$(TEST_HOST)";
				FRAMEWORK_SEARCH_PATHS = (
					"$(SDKROOT)/Developer/Library/Frameworks",
					"$(inherited)",
				);
				GCC_PREPROCESSOR_DEFINITIONS = (
					"DEBUG=1",
					"$(inherited)",
				);
				INFOPLIST_FILE = "ab-ChecklistsTests/Info.plist";
				LD_RUNPATH_SEARCH_PATHS = "$(inherited) @executable_path/Frameworks @loader_path/Frameworks";
				PRODUCT_NAME = "$(TARGET_NAME)";
				TEST_HOST = "$(BUILT_PRODUCTS_DIR)/ab-Checklists.app/ab-Checklists";
			};
			name = Debug;
		};
		913839041AB71C100052B0BD /* Release */ = {
			isa = XCBuildConfiguration;
			buildSettings = {
				BUNDLE_LOADER = "$(TEST_HOST)";
				FRAMEWORK_SEARCH_PATHS = (
					"$(SDKROOT)/Developer/Library/Frameworks",
					"$(inherited)",
				);
				INFOPLIST_FILE = "ab-ChecklistsTests/Info.plist";
				LD_RUNPATH_SEARCH_PATHS = "$(inherited) @executable_path/Frameworks @loader_path/Frameworks";
				PRODUCT_NAME = "$(TARGET_NAME)";
				TEST_HOST = "$(BUILT_PRODUCTS_DIR)/ab-Checklists.app/ab-Checklists";
			};
			name = Release;
		};
/* End XCBuildConfiguration section */

/* Begin XCConfigurationList section */
		913838DB1AB71C100052B0BD /* Build configuration list for PBXProject "ab-Checklists" */ = {
			isa = XCConfigurationList;
			buildConfigurations = (
				913838FD1AB71C100052B0BD /* Debug */,
				913838FE1AB71C100052B0BD /* Release */,
			);
			defaultConfigurationIsVisible = 0;
			defaultConfigurationName = Release;
		};
		913838FF1AB71C100052B0BD /* Build configuration list for PBXNativeTarget "ab-Checklists" */ = {
			isa = XCConfigurationList;
			buildConfigurations = (
				913839001AB71C100052B0BD /* Debug */,
				913839011AB71C100052B0BD /* Release */,
			);
			defaultConfigurationIsVisible = 0;
			defaultConfigurationName = Release;
		};
		913839021AB71C100052B0BD /* Build configuration list for PBXNativeTarget "ab-ChecklistsTests" */ = {
			isa = XCConfigurationList;
			buildConfigurations = (
				913839031AB71C100052B0BD /* Debug */,
				913839041AB71C100052B0BD /* Release */,
			);
			defaultConfigurationIsVisible = 0;
			defaultConfigurationName = Release;
		};
/* End XCConfigurationList section */
	};
	rootObject = 913838D81AB71C100052B0BD /* Project object */;
}
